
Microsoft Visual Studio Solution File, Format Version 12.00
# Visual Studio Version 16
VisualStudioVersion = 16.0.30114.105
MinimumVisualStudioVersion = 10.0.40219.1
Project("{FAE04EC0-301F-11D3-BF4B-00C04F79EFBC}") = "aspnet-api-postgresql", "api\aspnet-api-postgresql.csproj", "{8260F100-34F4-4DC3-B6A5-FCF28A4DBEC4}"
EndProject
Global
	GlobalSection(SolutionConfigurationPlatforms) = preSolution
		Debug|Any CPU = Debug|Any CPU
		Release|Any CPU = Release|Any CPU
	EndGlobalSection
	GlobalSection(SolutionProperties) = preSolution
		HideSolutionNode = FALSE
	EndGlobalSection
	GlobalSection(ProjectConfigurationPlatforms) = postSolution
		{8260F100-34F4-4DC3-B6A5-FCF28A4DBEC4}.Debug|Any CPU.ActiveCfg = Debug|Any CPU
		{8260F100-34F4-4DC3-B6A5-FCF28A4DBEC4}.Debug|Any CPU.Build.0 = Debug|Any CPU
		{8260F100-34F4-4DC3-B6A5-FCF28A4DBEC4}.Release|Any CPU.ActiveCfg = Release|Any CPU
		{8260F100-34F4-4DC3-B6A5-FCF28A4DBEC4}.Release|Any CPU.Build.0 = Release|Any CPU
	EndGlobalSection
EndGlobal
